PODS:
  - SwiftExtensionsLibrary (0.2.2)

DEPENDENCIES:
  - SwiftExtensionsLibrary (from `../`)

EXTERNAL SOURCES:
  SwiftExtensionsLibrary:
    :path: "../"

SPEC CHECKSUMS:
  SwiftExtensionsLibrary: 0b19b8a5d93899ec72b482506a0562946cebbd76

PODFILE CHECKSUM: cc409edc6c0aac51d04e55d2ac9b62eb2193adba

COCOAPODS: 1.11.2
